{
  "name": "formspec-uswds-grant-demo",
  "version": "1.0.0",
  "lockfileVersion": 3,
  "requires": true,
  "packages": {
    "": {
      "name": "formspec-uswds-grant-demo",
      "version": "1.0.0",
      "dependencies": {
        "@formspec-org/adapters": "*",
        "@formspec-org/engine": "*",
        "@formspec-org/webcomponent": "*",
        "@preact/signals-core": "*"
      }
    },
    "node_modules/@formspec-org/adapters": {
      "version": "0.1.0",
      "resolved": "https://registry.npmjs.org/@formspec-org/adapters/-/adapters-0.1.0.tgz",
      "integrity": "sha512-O/0AqVvZSDREVbMf2RwdYC6orZIRVonYN1/A5OAiEJ4lDyBSRC+O/ZfQqpEWfGQhaYLMze1lttOueDVNyotODw==",
      "license": "AGPL-3.0-only",
      "peerDependencies": {
        "@formspec-org/webcomponent": "*"
      }
    },
    "node_modules/@formspec-org/engine": {
      "version": "1.0.0",
      "resolved": "https://registry.npmjs.org/@formspec-org/engine/-/engine-1.0.0.tgz",
      "integrity": "sha512-dWxuvpopM7QyjL8H/fPiE0N0YNET8CDvAUl4IBhFXKSV4dc1RNCMXQCsXnWVGv9+HY3lSm6mpup83b9afT3p0A==",
      "license": "AGPL-3.0-only",
      "dependencies": {
        "@formspec-org/types": "*",
        "@preact/signals-core": "^1.6.0"
      }
    },
    "node_modules/@formspec-org/layout": {
      "version": "1.0.0",
      "resolved": "https://registry.npmjs.org/@formspec-org/layout/-/layout-1.0.0.tgz",
      "integrity": "sha512-blkUfABcG1rkGY9Mw0a35txXI+WgC6QmkaEZOhHDoW4/Jf0pzYNts3FV+USTZTDA5dV7OhVtNMi37lG2yWhsMA==",
      "license": "AGPL-3.0-only",
      "dependencies": {
        "@formspec-org/types": "*"
      }
    },
    "node_modules/@formspec-org/types": {
      "version": "0.1.0",
      "resolved": "https://registry.npmjs.org/@formspec-org/types/-/types-0.1.0.tgz",
      "integrity": "sha512-qCmQGuhDSq8IkFCimMzq7pC6/AywXyAmJjso5mWODtcKmScVdzs9wJ21ib50nMKe6uUja+ih4crcrva5pHdacA==",
      "license": "AGPL-3.0-only"
    },
    "node_modules/@formspec-org/webcomponent": {
      "version": "1.0.0",
      "resolved": "https://registry.npmjs.org/@formspec-org/webcomponent/-/webcomponent-1.0.0.tgz",
      "integrity": "sha512-JYbATEhNg/cqvncDFuytZjqalte68zIB+JtvYIcng5QoOaRL8/vHldkxVKceMHw9YjMlHNS0B/rFybO0Gbtyeg==",
      "license": "AGPL-3.0-only",
      "dependencies": {
        "@formspec-org/engine": "*",
        "@formspec-org/layout": "*"
      }
    },
    "node_modules/@preact/signals-core": {
      "version": "1.14.0",
      "resolved": "https://registry.npmjs.org/@preact/signals-core/-/signals-core-1.14.0.tgz",
      "integrity": "sha512-AowtCcCU/33lFlh1zRFf/u+12rfrhtNakj7UpaGEsmMwUKpKWMVvcktOGcwBBNiB4lWrZWc01LhiyyzVklJyaQ==",
      "license": "MIT",
      "funding": {
        "type": "opencollective",
        "url": "https://opencollective.com/preact"
      }
    }
  }
}
